
Microsoft Visual Studio Solution File, Format Version 12.00
# Visual Studio Version 16
VisualStudioVersion = 16.0.30002.166
MinimumVisualStudioVersion = 10.0.40219.1
Project("{2150E333-8FDC-42A3-9474-1A3956D46DE8}") = "src", "src", "{111D0E4B-2CC8-41A7-9899-D44A4100F99B}"
EndProject
Project("{2150E333-8FDC-42A3-9474-1A3956D46DE8}") = "test", "test", "{54D71584-78D1-41A1-AC72-15DB895A6C22}"
EndProject
Project("{2150E333-8FDC-42A3-9474-1A3956D46DE8}") = "Services", "Services", "{11AA7DB8-36FF-43B5-BC5E-AA0E432F43F0}"
EndProject
Project("{2150E333-8FDC-42A3-9474-1A3956D46DE8}") = "infrastructure", "infrastructure", "{D1954538-095F-4189-A1AC-53A0C647ACB5}"
EndProject
Project("{2150E333-8FDC-42A3-9474-1A3956D46DE8}") = "Item", "Item", "{9162ADEF-DC85-40CA-915D-E5121AAD0AFC}"
EndProject
Project("{2150E333-8FDC-42A3-9474-1A3956D46DE8}") = "ItemBank", "ItemBank", "{F3F0087C-8403-4B9D-B0D7-1885D850584D}"
EndProject
Project("{2150E333-8FDC-42A3-9474-1A3956D46DE8}") = "Answer", "Answer", "{70A26E41-F675-437C-8B6F-A78775993C0A}"
EndProject
Project("{2150E333-8FDC-42A3-9474-1A3956D46DE8}") = "User", "User", "{5FF66B19-7C16-4E58-A8E3-6D45DC03A36D}"
EndProject
Project("{9A19103F-16F7-4668-BE54-9A1E7A4F7556}") = "TalentMine.ItemBankService", "TalentMine.ItemBankService\TalentMine.ItemBankService.csproj", "{A99B7017-726C-42CD-886D-E2E1CA330321}"
EndProject
Project("{FAE04EC0-301F-11D3-BF4B-00C04F79EFBC}") = "TalentMine.Ocelot", "TalentMine.Ocelot\TalentMine.Ocelot.csproj", "{EA716EB2-0034-449F-B6B0-8A850E8D9EBF}"
EndProject
Project("{FAE04EC0-301F-11D3-BF4B-00C04F79EFBC}") = "TalentMine.AuthenticationCenter", "TalentMine.AuthenticationCenter\TalentMine.AuthenticationCenter.csproj", "{E7E3ECD8-8D5D-4C33-9CF1-65ED151C83BA}"
EndProject
Global
	GlobalSection(SolutionConfigurationPlatforms) = preSolution
		Debug|Any CPU = Debug|Any CPU
		Release|Any CPU = Release|Any CPU
	EndGlobalSection
	GlobalSection(ProjectConfigurationPlatforms) = postSolution
		{A99B7017-726C-42CD-886D-E2E1CA330321}.Debug|Any CPU.ActiveCfg = Debug|Any CPU
		{A99B7017-726C-42CD-886D-E2E1CA330321}.Debug|Any CPU.Build.0 = Debug|Any CPU
		{A99B7017-726C-42CD-886D-E2E1CA330321}.Release|Any CPU.ActiveCfg = Release|Any CPU
		{A99B7017-726C-42CD-886D-E2E1CA330321}.Release|Any CPU.Build.0 = Release|Any CPU
		{EA716EB2-0034-449F-B6B0-8A850E8D9EBF}.Debug|Any CPU.ActiveCfg = Debug|Any CPU
		{EA716EB2-0034-449F-B6B0-8A850E8D9EBF}.Debug|Any CPU.Build.0 = Debug|Any CPU
		{EA716EB2-0034-449F-B6B0-8A850E8D9EBF}.Release|Any CPU.ActiveCfg = Release|Any CPU
		{EA716EB2-0034-449F-B6B0-8A850E8D9EBF}.Release|Any CPU.Build.0 = Release|Any CPU
		{E7E3ECD8-8D5D-4C33-9CF1-65ED151C83BA}.Debug|Any CPU.ActiveCfg = Debug|Any CPU
		{E7E3ECD8-8D5D-4C33-9CF1-65ED151C83BA}.Debug|Any CPU.Build.0 = Debug|Any CPU
		{E7E3ECD8-8D5D-4C33-9CF1-65ED151C83BA}.Release|Any CPU.ActiveCfg = Release|Any CPU
		{E7E3ECD8-8D5D-4C33-9CF1-65ED151C83BA}.Release|Any CPU.Build.0 = Release|Any CPU
	EndGlobalSection
	GlobalSection(SolutionProperties) = preSolution
		HideSolutionNode = FALSE
	EndGlobalSection
	GlobalSection(NestedProjects) = preSolution
		{11AA7DB8-36FF-43B5-BC5E-AA0E432F43F0} = {111D0E4B-2CC8-41A7-9899-D44A4100F99B}
		{D1954538-095F-4189-A1AC-53A0C647ACB5} = {111D0E4B-2CC8-41A7-9899-D44A4100F99B}
		{9162ADEF-DC85-40CA-915D-E5121AAD0AFC} = {11AA7DB8-36FF-43B5-BC5E-AA0E432F43F0}
		{F3F0087C-8403-4B9D-B0D7-1885D850584D} = {11AA7DB8-36FF-43B5-BC5E-AA0E432F43F0}
		{70A26E41-F675-437C-8B6F-A78775993C0A} = {11AA7DB8-36FF-43B5-BC5E-AA0E432F43F0}
		{5FF66B19-7C16-4E58-A8E3-6D45DC03A36D} = {11AA7DB8-36FF-43B5-BC5E-AA0E432F43F0}
		{A99B7017-726C-42CD-886D-E2E1CA330321} = {F3F0087C-8403-4B9D-B0D7-1885D850584D}
		{EA716EB2-0034-449F-B6B0-8A850E8D9EBF} = {D1954538-095F-4189-A1AC-53A0C647ACB5}
		{E7E3ECD8-8D5D-4C33-9CF1-65ED151C83BA} = {D1954538-095F-4189-A1AC-53A0C647ACB5}
	EndGlobalSection
	GlobalSection(ExtensibilityGlobals) = postSolution
		SolutionGuid = {CA530413-7EE8-4F7B-8064-697C820609D2}
	EndGlobalSection
EndGlobal
